
Microsoft Visual Studio Solution File, Format Version 12.00
# Visual Studio Version 17
VisualStudioVersion = 17.0.31903.59
MinimumVisualStudioVersion = 10.0.40219.1
Project("{FAE04EC0-301F-11D3-BF4B-00C04F79EFBC}") = "async-dead-lock", "async-dead-lock\async-dead-lock.csproj", "{0F9C6948-4098-4BAE-BF9F-1BC8D9D3D677}"
EndProject
Project("{FAE04EC0-301F-11D3-BF4B-00C04F79EFBC}") = "value-task-source", "value-task-source\value-task-source.csproj", "{EDA072E9-4D07-4F7C-8A30-6E253DF660DD}"
EndProject
Project("{FAE04EC0-301F-11D3-BF4B-00C04F79EFBC}") = "review-channels", "review-channels\review-channels.csproj", "{36727397-050A-4F56-BC06-4C89A29E1AB7}"
EndProject
Project("{FAE04EC0-301F-11D3-BF4B-00C04F79EFBC}") = "periodic-timer", "periodic-timer\periodic-timer.csproj", "{E2DCF4F1-697B-47FA-8724-C499A3771EDE}"
EndProject
Project("{FAE04EC0-301F-11D3-BF4B-00C04F79EFBC}") = "json-utf8-reader", "json-utf8-reader\json-utf8-reader.csproj", "{B1DFDE4B-D2D4-446D-AB3C-C7D7502BF58F}"
EndProject
Global
	GlobalSection(SolutionConfigurationPlatforms) = preSolution
		Debug|Any CPU = Debug|Any CPU
		Release|Any CPU = Release|Any CPU
	EndGlobalSection
	GlobalSection(SolutionProperties) = preSolution
		HideSolutionNode = FALSE
	EndGlobalSection
	GlobalSection(ProjectConfigurationPlatforms) = postSolution
		{0F9C6948-4098-4BAE-BF9F-1BC8D9D3D677}.Debug|Any CPU.ActiveCfg = Debug|Any CPU
		{0F9C6948-4098-4BAE-BF9F-1BC8D9D3D677}.Debug|Any CPU.Build.0 = Debug|Any CPU
		{0F9C6948-4098-4BAE-BF9F-1BC8D9D3D677}.Release|Any CPU.ActiveCfg = Release|Any CPU
		{0F9C6948-4098-4BAE-BF9F-1BC8D9D3D677}.Release|Any CPU.Build.0 = Release|Any CPU
		{EDA072E9-4D07-4F7C-8A30-6E253DF660DD}.Debug|Any CPU.ActiveCfg = Debug|Any CPU
		{EDA072E9-4D07-4F7C-8A30-6E253DF660DD}.Debug|Any CPU.Build.0 = Debug|Any CPU
		{EDA072E9-4D07-4F7C-8A30-6E253DF660DD}.Release|Any CPU.ActiveCfg = Release|Any CPU
		{EDA072E9-4D07-4F7C-8A30-6E253DF660DD}.Release|Any CPU.Build.0 = Release|Any CPU
		{36727397-050A-4F56-BC06-4C89A29E1AB7}.Debug|Any CPU.ActiveCfg = Debug|Any CPU
		{36727397-050A-4F56-BC06-4C89A29E1AB7}.Debug|Any CPU.Build.0 = Debug|Any CPU
		{36727397-050A-4F56-BC06-4C89A29E1AB7}.Release|Any CPU.ActiveCfg = Release|Any CPU
		{36727397-050A-4F56-BC06-4C89A29E1AB7}.Release|Any CPU.Build.0 = Release|Any CPU
		{E2DCF4F1-697B-47FA-8724-C499A3771EDE}.Debug|Any CPU.ActiveCfg = Debug|Any CPU
		{E2DCF4F1-697B-47FA-8724-C499A3771EDE}.Debug|Any CPU.Build.0 = Debug|Any CPU
		{E2DCF4F1-697B-47FA-8724-C499A3771EDE}.Release|Any CPU.ActiveCfg = Release|Any CPU
		{E2DCF4F1-697B-47FA-8724-C499A3771EDE}.Release|Any CPU.Build.0 = Release|Any CPU
		{B1DFDE4B-D2D4-446D-AB3C-C7D7502BF58F}.Debug|Any CPU.ActiveCfg = Debug|Any CPU
		{B1DFDE4B-D2D4-446D-AB3C-C7D7502BF58F}.Debug|Any CPU.Build.0 = Debug|Any CPU
		{B1DFDE4B-D2D4-446D-AB3C-C7D7502BF58F}.Release|Any CPU.ActiveCfg = Release|Any CPU
		{B1DFDE4B-D2D4-446D-AB3C-C7D7502BF58F}.Release|Any CPU.Build.0 = Release|Any CPU
	EndGlobalSection
EndGlobal
