
Microsoft Visual Studio Solution File, Format Version 12.00
# Visual Studio Version 16
VisualStudioVersion = 16.0.30114.105
MinimumVisualStudioVersion = 10.0.40219.1
Project("{FAE04EC0-301F-11D3-BF4B-00C04F79EFBC}") = "client", "client\client.csproj", "{785B7BAA-52FC-418F-8064-EB080C9C6EBE}"
EndProject
Project("{FAE04EC0-301F-11D3-BF4B-00C04F79EFBC}") = "server", "server\server.csproj", "{6BEBC9AC-7025-42BE-8F27-AD6B46E417FD}"
EndProject
Project("{FAE04EC0-301F-11D3-BF4B-00C04F79EFBC}") = "library", "library\library.csproj", "{97651B22-06E5-4FF5-971B-F98380C5FE74}"
EndProject
Project("{FAE04EC0-301F-11D3-BF4B-00C04F79EFBC}") = "bench", "bench\bench.csproj", "{E9E09866-84CC-415F-B537-641386C2322A}"
EndProject
Project("{FAE04EC0-301F-11D3-BF4B-00C04F79EFBC}") = "tests", "tests\tests.csproj", "{FD5561D4-1F82-4EEA-94BB-B829E3D0575A}"
EndProject
Global
	GlobalSection(SolutionConfigurationPlatforms) = preSolution
		Debug|Any CPU = Debug|Any CPU
		Release|Any CPU = Release|Any CPU
	EndGlobalSection
	GlobalSection(SolutionProperties) = preSolution
		HideSolutionNode = FALSE
	EndGlobalSection
	GlobalSection(ProjectConfigurationPlatforms) = postSolution
		{785B7BAA-52FC-418F-8064-EB080C9C6EBE}.Debug|Any CPU.ActiveCfg = Debug|Any CPU
		{785B7BAA-52FC-418F-8064-EB080C9C6EBE}.Debug|Any CPU.Build.0 = Debug|Any CPU
		{785B7BAA-52FC-418F-8064-EB080C9C6EBE}.Release|Any CPU.ActiveCfg = Release|Any CPU
		{785B7BAA-52FC-418F-8064-EB080C9C6EBE}.Release|Any CPU.Build.0 = Release|Any CPU
		{6BEBC9AC-7025-42BE-8F27-AD6B46E417FD}.Debug|Any CPU.ActiveCfg = Debug|Any CPU
		{6BEBC9AC-7025-42BE-8F27-AD6B46E417FD}.Debug|Any CPU.Build.0 = Debug|Any CPU
		{6BEBC9AC-7025-42BE-8F27-AD6B46E417FD}.Release|Any CPU.ActiveCfg = Release|Any CPU
		{6BEBC9AC-7025-42BE-8F27-AD6B46E417FD}.Release|Any CPU.Build.0 = Release|Any CPU
		{97651B22-06E5-4FF5-971B-F98380C5FE74}.Debug|Any CPU.ActiveCfg = Debug|Any CPU
		{97651B22-06E5-4FF5-971B-F98380C5FE74}.Debug|Any CPU.Build.0 = Debug|Any CPU
		{97651B22-06E5-4FF5-971B-F98380C5FE74}.Release|Any CPU.ActiveCfg = Release|Any CPU
		{97651B22-06E5-4FF5-971B-F98380C5FE74}.Release|Any CPU.Build.0 = Release|Any CPU
		{E9E09866-84CC-415F-B537-641386C2322A}.Debug|Any CPU.ActiveCfg = Debug|Any CPU
		{E9E09866-84CC-415F-B537-641386C2322A}.Debug|Any CPU.Build.0 = Debug|Any CPU
		{E9E09866-84CC-415F-B537-641386C2322A}.Release|Any CPU.ActiveCfg = Release|Any CPU
		{E9E09866-84CC-415F-B537-641386C2322A}.Release|Any CPU.Build.0 = Release|Any CPU
		{FD5561D4-1F82-4EEA-94BB-B829E3D0575A}.Debug|Any CPU.ActiveCfg = Debug|Any CPU
		{FD5561D4-1F82-4EEA-94BB-B829E3D0575A}.Debug|Any CPU.Build.0 = Debug|Any CPU
		{FD5561D4-1F82-4EEA-94BB-B829E3D0575A}.Release|Any CPU.ActiveCfg = Release|Any CPU
		{FD5561D4-1F82-4EEA-94BB-B829E3D0575A}.Release|Any CPU.Build.0 = Release|Any CPU
	EndGlobalSection
EndGlobal
